// !$*UTF8*$!
{
	archiveVersion = 1;
	classes = {
	};
	objectVersion = 46;
	objects = {

/* Begin PBXBuildFile section */
		AAE310961B0490DC004BAA18 /* main.m in Sources */ = {isa = PBXBuildFile; fileRef = AAE310951B0490DC004BAA18 /* main.m */; };
		AAE310991B0490DC004BAA18 /* AppDelegate.m in Sources */ = {isa = PBXBuildFile; fileRef = AAE310981B0490DC004BAA18 /* AppDelegate.m */; };
		AAE3109C1B0490DC004BAA18 /* ViewController.m in Sources */ = {isa = PBXBuildFile; fileRef = AAE3109B1B0490DC004BAA18 /* ViewController.m */; };
		AAE3109F1B0490DC004BAA18 /* Main.storyboard in Resources */ = {isa = PBXBuildFile; fileRef = AAE3109D1B0490DC004BAA18 /* Main.storyboard */; };
		AAE310A11B0490DC004BAA18 /* Images.xcassets in Resources */ = {isa = PBXBuildFile; fileRef = AAE310A01B0490DC004BAA18 /* Images.xcassets */; };
		AAE310A41B0490DC004BAA18 /* LaunchScreen.xib in Resources */ = {isa = PBXBuildFile; fileRef = AAE310A21B0490DC004BAA18 /* LaunchScreen.xib */; };
		AAE310B01B0490DC004BAA18 /* Hello_WorldTests.m in Sources */ = {isa = PBXBuildFile; fileRef = AAE310AF1B0490DC004BAA18 /* Hello_WorldTests.m */; };
/* End PBXBuildFile section */

/* Begin PBXContainerItemProxy section */
		AAE310AA1B0490DC004BAA18 /* PBXContainerItemProxy */ = {
			isa = PBXContainerItemProxy;
			containerPortal = AAE310881B0490DC004BAA18 /* Project object */;
			proxyType = 1;
			remoteGlobalIDString = AAE3108F1B0490DC004BAA18;
			remoteInfo = "Hello World";
		};
/* End PBXContainerItemProxy section */

/* Begin PBXFileReference section */
		AAE310901B0490DC004BAA18 /* Hello World.app */ = {isa = PBXFileReference; explicitFileType = wrapper.application; includeInIndex = 0; path = "Hello World.app"; sourceTree = BUILT_PRODUCTS_DIR; };
		AAE310941B0490DC004BAA18 /* Info.plist */ = {isa = PBXFileReference; lastKnownFileType = text.plist.xml; path = Info.plist; sourceTree = "<group>"; };
		AAE310951B0490DC004BAA18 /* main.m */ = {isa = PBXFileReference; lastKnownFileType = sourcecode.c.objc; path = main.m; sourceTree = "<group>"; };
		AAE310971B0490DC004BAA18 /* AppDelegate.h */ = {isa = PBXFileReference; lastKnownFileType = sourcecode.c.h; path = AppDelegate.h; sourceTree = "<group>"; };
		AAE310981B0490DC004BAA18 /* AppDelegate.m */ = {isa = PBXFileReference; lastKnownFileType = sourcecode.c.objc; path = AppDelegate.m; sourceTree = "<group>"; };
		AAE3109A1B0490DC004BAA18 /* ViewController.h */ = {isa = PBXFileReference; lastKnownFileType = sourcecode.c.h; path = ViewController.h; sourceTree = "<group>"; };
		AAE3109B1B0490DC004BAA18 /* ViewController.m */ = {isa = PBXFileReference; lastKnownFileType = sourcecode.c.objc; path = ViewController.m; sourceTree = "<group>"; };
		AAE3109E1B0490DC004BAA18 /* Base */ = {isa = PBXFileReference; lastKnownFileType = file.storyboard; name = Base; path = Base.lproj/Main.storyboard; sourceTree = "<group>"; };
		AAE310A01B0490DC004BAA18 /* Images.xcassets */ = {isa = PBXFileReference; lastKnownFileType = folder.assetcatalog; path = Images.xcassets; sourceTree = "<group>"; };
		AAE310A31B0490DC004BAA18 /* Base */ = {isa = PBXFileReference; lastKnownFileType = file.xib; name = Base; path = Base.lproj/LaunchScreen.xib; sourceTree = "<group>"; };
		AAE310A91B0490DC004BAA18 /* Hello WorldTests.xctest */ = {isa = PBXFileReference; explicitFileType = wrapper.cfbundle; includeInIndex = 0; path = "Hello WorldTests.xctest"; sourceTree = BUILT_PRODUCTS_DIR; };
		AAE310AE1B0490DC004BAA18 /* Info.plist */ = {isa = PBXFileReference; lastKnownFileType = text.plist.xml; path = Info.plist; sourceTree = "<group>"; };
		AAE310AF1B0490DC004BAA18 /* Hello_WorldTests.m */ = {isa = PBXFileReference; lastKnownFileType = sourcecode.c.objc; path = Hello_WorldTests.m; sourceTree = "<group>"; };
/* End PBXFileReference section */

/* Begin PBXFrameworksBuildPhase section */
		AAE3108D1B0490DC004BAA18 /* Frameworks */ = {
			isa = PBXFrameworksBuildPhase;
			buildActionMask = 2147483647;
			files = (
			);
			runOnlyForDeploymentPostprocessing = 0;
		};
		AAE310A61B0490DC004BAA18 /* Frameworks */ = {
			isa = PBXFrameworksBuildPhase;
			buildActionMask = 2147483647;
			files = (
			);
			runOnlyForDeploymentPostprocessing = 0;
		};
/* End PBXFrameworksBuildPhase section */

/* Begin PBXGroup section */
		AAE310871B0490DC004BAA18 = {
			isa = PBXGroup;
			children = (
				AAE310921B0490DC004BAA18 /* Hello World */,
				AAE310AC1B0490DC004BAA18 /* Hello WorldTests */,
				AAE310911B0490DC004BAA18 /* Products */,
			);
			sourceTree = "<group>";
		};
		AAE310911B0490DC004BAA18 /* Products */ = {
			isa = PBXGroup;
			children = (
				AAE310901B0490DC004BAA18 /* Hello World.app */,
				AAE310A91B0490DC004BAA18 /* Hello WorldTests.xctest */,
			);
			name = Products;
			sourceTree = "<group>";
		};
		AAE310921B0490DC004BAA18 /* Hello World */ = {
			isa = PBXGroup;
			children = (
				AAE310971B0490DC004BAA18 /* AppDelegate.h */,
				AAE310981B0490DC004BAA18 /* AppDelegate.m */,
				AAE3109A1B0490DC004BAA18 /* ViewController.h */,
				AAE3109B1B0490DC004BAA18 /* ViewController.m */,
				AAE3109D1B0490DC004BAA18 /* Main.storyboard */,
				AAE310A01B0490DC004BAA18 /* Images.xcassets */,
				AAE310A21B0490DC004BAA18 /* LaunchScreen.xib */,
				AAE310931B0490DC004BAA18 /* Supporting Files */,
			);
			path = "Hello World";
			sourceTree = "<group>";
		};
		AAE310931B0490DC004BAA18 /* Supporting Files */ = {
			isa = PBXGroup;
			children = (
				AAE310941B0490DC004BAA18 /* Info.plist */,
				AAE310951B0490DC004BAA18 /* main.m */,
			);
			name = "Supporting Files";
			sourceTree = "<group>";
		};
		AAE310AC1B0490DC004BAA18 /* Hello WorldTests */ = {
			isa = PBXGroup;
			children = (
				AAE310AF1B0490DC004BAA18 /* Hello_WorldTests.m */,
				AAE310AD1B0490DC004BAA18 /* Supporting Files */,
			);
			path = "Hello WorldTests";
			sourceTree = "<group>";
		};
		AAE310AD1B0490DC004BAA18 /* Supporting Files */ = {
			isa = PBXGroup;
			children = (
				AAE310AE1B0490DC004BAA18 /* Info.plist */,
			);
			name = "Supporting Files";
			sourceTree = "<group>";
		};
/* End PBXGroup section */

/* Begin PBXNativeTarget section */
		AAE3108F1B0490DC004BAA18 /* Hello World */ = {
			isa = PBXNativeTarget;
			buildConfigurationList = AAE310B31B0490DC004BAA18 /* Build configuration list for PBXNativeTarget "Hello World" */;
			buildPhases = (
				AAE3108C1B0490DC004BAA18 /* Sources */,
				AAE3108D1B0490DC004BAA18 /* Frameworks */,
				AAE3108E1B0490DC004BAA18 /* Resources */,
			);
			buildRules = (
			);
			dependencies = (
			);
			name = "Hello World";
			productName = "Hello World";
			productReference = AAE310901B0490DC004BAA18 /* Hello World.app */;
			productType = "com.apple.product-type.application";
		};
		AAE310A81B0490DC004BAA18 /* Hello WorldTests */ = {
			isa = PBXNativeTarget;
			buildConfigurationList = AAE310B61B0490DC004BAA18 /* Build configuration list for PBXNativeTarget "Hello WorldTests" */;
			buildPhases = (
				AAE310A51B0490DC004BAA18 /* Sources */,
				AAE310A61B0490DC004BAA18 /* Frameworks */,
				AAE310A71B0490DC004BAA18 /* Resources */,
			);
			buildRules = (
			);
			dependencies = (
				AAE310AB1B0490DC004BAA18 /* PBXTargetDependency */,
			);
			name = "Hello WorldTests";
			productName = "Hello WorldTests";
			productReference = AAE310A91B0490DC004BAA18 /* Hello WorldTests.xctest */;
			productType = "com.apple.product-type.bundle.unit-test";
		};
/* End PBXNativeTarget section */

/* Begin PBXProject section */
		AAE310881B0490DC004BAA18 /* Project object */ = {
			isa = PBXProject;
			attributes = {
				LastUpgradeCheck = 0630;
				ORGANIZATIONNAME = "葬花桥";
				TargetAttributes = {
					AAE3108F1B0490DC004BAA18 = {
						CreatedOnToolsVersion = 6.3.1;
					};
					AAE310A81B0490DC004BAA18 = {
						CreatedOnToolsVersion = 6.3.1;
						TestTargetID = AAE3108F1B0490DC004BAA18;
					};
				};
			};
			buildConfigurationList = AAE3108B1B0490DC004BAA18 /* Build configuration list for PBXProject "Hello World" */;
			compatibilityVersion = "Xcode 3.2";
			developmentRegion = English;
			hasScannedForEncodings = 0;
			knownRegions = (
				en,
				Base,
			);
			mainGroup = AAE310871B0490DC004BAA18;
			productRefGroup = AAE310911B0490DC004BAA18 /* Products */;
			projectDirPath = "";
			projectRoot = "";
			targets = (
				AAE3108F1B0490DC004BAA18 /* Hello World */,
				AAE310A81B0490DC004BAA18 /* Hello WorldTests */,
			);
		};
/* End PBXProject section */

/* Begin PBXResourcesBuildPhase section */
		AAE3108E1B0490DC004BAA18 /* Resources */ = {
			isa = PBXResourcesBuildPhase;
			buildActionMask = 2147483647;
			files = (
				AAE3109F1B0490DC004BAA18 /* Main.storyboard in Resources */,
				AAE310A41B0490DC004BAA18 /* LaunchScreen.xib in Resources */,
				AAE310A11B0490DC004BAA18 /* Images.xcassets in Resources */,
			);
			runOnlyForDeploymentPostprocessing = 0;
		};
		AAE310A71B0490DC004BAA18 /* Resources */ = {
			isa = PBXResourcesBuildPhase;
			buildActionMask = 2147483647;
			files = (
			);
			runOnlyForDeploymentPostprocessing = 0;
		};
/* End PBXResourcesBuildPhase section */

/* Begin PBXSourcesBuildPhase section */
		AAE3108C1B0490DC004BAA18 /* Sources */ = {
			isa = PBXSourcesBuildPhase;
			buildActionMask = 2147483647;
			files = (
				AAE3109C1B0490DC004BAA18 /* ViewController.m in Sources */,
				AAE310991B0490DC004BAA18 /* AppDelegate.m in Sources */,
				AAE310961B0490DC004BAA18 /* main.m in Sources */,
			);
			runOnlyForDeploymentPostprocessing = 0;
		};
		AAE310A51B0490DC004BAA18 /* Sources */ = {
			isa = PBXSourcesBuildPhase;
			buildActionMask = 2147483647;
			files = (
				AAE310B01B0490DC004BAA18 /* Hello_WorldTests.m in Sources */,
			);
			runOnlyForDeploymentPostprocessing = 0;
		};
/* End PBXSourcesBuildPhase section */

/* Begin PBXTargetDependency section */
		AAE310AB1B0490DC004BAA18 /* PBXTargetDependency */ = {
			isa = PBXTargetDependency;
			target = AAE3108F1B0490DC004BAA18 /* Hello World */;
			targetProxy = AAE310AA1B0490DC004BAA18 /* PBXContainerItemProxy */;
		};
/* End PBXTargetDependency section */

/* Begin PBXVariantGroup section */
		AAE3109D1B0490DC004BAA18 /* Main.storyboard */ = {
			isa = PBXVariantGroup;
			children = (
				AAE3109E1B0490DC004BAA18 /* Base */,
			);
			name = Main.storyboard;
			sourceTree = "<group>";
		};
		AAE310A21B0490DC004BAA18 /* LaunchScreen.xib */ = {
			isa = PBXVariantGroup;
			children = (
				AAE310A31B0490DC004BAA18 /* Base */,
			);
			name = LaunchScreen.xib;
			sourceTree = "<group>";
		};
/* End PBXVariantGroup section */

/* Begin XCBuildConfiguration section */
		AAE310B11B0490DC004BAA18 /* Debug */ = {
			isa = XCBuildConfiguration;
			buildSettings = {
				ALWAYS_SEARCH_USER_PATHS = NO;
				CLANG_CXX_LANGUAGE_STANDARD = "gnu++0x";
				CLANG_CXX_LIBRARY = "libc++";
				CLANG_ENABLE_MODULES = YES;
				CLANG_ENABLE_OBJC_ARC = YES;
				CLANG_WARN_BOOL_CONVERSION = YES;
				CLANG_WARN_CONSTANT_CONVERSION = YES;
				CLANG_WARN_DIRECT_OBJC_ISA_USAGE = YES_ERROR;
				CLANG_WARN_EMPTY_BODY = YES;
				CLANG_WARN_ENUM_CONVERSION = YES;
				CLANG_WARN_INT_CONVERSION = YES;
				CLANG_WARN_OBJC_ROOT_CLASS = YES_ERROR;
				CLANG_WARN_UNREACHABLE_CODE = YES;
				CLANG_WARN__DUPLICATE_METHOD_MATCH = YES;
				"CODE_SIGN_IDENTITY[sdk=iphoneos*]" = "iPhone Developer";
				COPY_PHASE_STRIP = NO;
				DEBUG_INFORMATION_FORMAT = "dwarf-with-dsym";
				ENABLE_STRICT_OBJC_MSGSEND = YES;
				GCC_C_LANGUAGE_STANDARD = gnu99;
				GCC_DYNAMIC_NO_PIC = NO;
				GCC_NO_COMMON_BLOCKS = YES;
				GCC_OPTIMIZATION_LEVEL = 0;
				GCC_PREPROCESSOR_DEFINITIONS = (
					"DEBUG=1",
					"$(inherited)",
				);
				GCC_SYMBOLS_PRIVATE_EXTERN = NO;
				GCC_WARN_64_TO_32_BIT_CONVERSION = YES;
				GCC_WARN_ABOUT_RETURN_TYPE = YES_ERROR;
				GCC_WARN_UNDECLARED_SELECTOR = YES;
				GCC_WARN_UNINITIALIZED_AUTOS = YES_AGGRESSIVE;
				GCC_WARN_UNUSED_FUNCTION = YES;
				GCC_WARN_UNUSED_VARIABLE = YES;
				IPHONEOS_DEPLOYMENT_TARGET = 8.3;
				MTL_ENABLE_DEBUG_INFO = YES;
				ONLY_ACTIVE_ARCH = YES;
				SDKROOT = iphoneos;
			};
			name = Debug;
		};
		AAE310B21B0490DC004BAA18 /* Release */ = {
			isa = XCBuildConfiguration;
			buildSettings = {
				ALWAYS_SEARCH_USER_PATHS = NO;
				CLANG_CXX_LANGUAGE_STANDARD = "gnu++0x";
				CLANG_CXX_LIBRARY = "libc++";
				CLANG_ENABLE_MODULES = YES;
				CLANG_ENABLE_OBJC_ARC = YES;
				CLANG_WARN_BOOL_CONVERSION = YES;
				CLANG_WARN_CONSTANT_CONVERSION = YES;
				CLANG_WARN_DIRECT_OBJC_ISA_USAGE = YES_ERROR;
				CLANG_WARN_EMPTY_BODY = YES;
				CLANG_WARN_ENUM_CONVERSION = YES;
				CLANG_WARN_INT_CONVERSION = YES;
				CLANG_WARN_OBJC_ROOT_CLASS = YES_ERROR;
				CLANG_WARN_UNREACHABLE_CODE = YES;
				CLANG_WARN__DUPLICATE_METHOD_MATCH = YES;
				"CODE_SIGN_IDENTITY[sdk=iphoneos*]" = "iPhone Developer";
				COPY_PHASE_STRIP = NO;
				DEBUG_INFORMATION_FORMAT = "dwarf-with-dsym";
				ENABLE_NS_ASSERTIONS = NO;
				ENABLE_STRICT_OBJC_MSGSEND = YES;
				GCC_C_LANGUAGE_STANDARD = gnu99;
				GCC_NO_COMMON_BLOCKS = YES;
				GCC_WARN_64_TO_32_BIT_CONVERSION = YES;
				GCC_WARN_ABOUT_RETURN_TYPE = YES_ERROR;
				GCC_WARN_UNDECLARED_SELECTOR = YES;
				GCC_WARN_UNINITIALIZED_AUTOS = YES_AGGRESSIVE;
				GCC_WARN_UNUSED_FUNCTION = YES;
				GCC_WARN_UNUSED_VARIABLE = YES;
				IPHONEOS_DEPLOYMENT_TARGET = 8.3;
				MTL_ENABLE_DEBUG_INFO = NO;
				SDKROOT = iphoneos;
				VALIDATE_PRODUCT = YES;
			};
			name = Release;
		};
		AAE310B41B0490DC004BAA18 /* Debug */ = {
			isa = XCBuildConfiguration;
			buildSettings = {
				ASSETCATALOG_COMPILER_APPICON_NAME = AppIcon;
				INFOPLIST_FILE = "Hello World/Info.plist";
				LD_RUNPATH_SEARCH_PATHS = "$(inherited) @executable_path/Frameworks";
				PRODUCT_NAME = "$(TARGET_NAME)";
			};
			name = Debug;
		};
		AAE310B51B0490DC004BAA18 /* Release */ = {
			isa = XCBuildConfiguration;
			buildSettings = {
				ASSETCATALOG_COMPILER_APPICON_NAME = AppIcon;
				INFOPLIST_FILE = "Hello World/Info.plist";
				LD_RUNPATH_SEARCH_PATHS = "$(inherited) @executable_path/Frameworks";
				PRODUCT_NAME = "$(TARGET_NAME)";
			};
			name = Release;
		};
		AAE310B71B0490DC004BAA18 /* Debug */ = {
			isa = XCBuildConfiguration;
			buildSettings = {
				BUNDLE_LOADER = "$(TEST_HOST)";
				FRAMEWORK_SEARCH_PATHS = (
					"$(SDKROOT)/Developer/Library/Frameworks",
					"$(inherited)",
				);
				GCC_PREPROCESSOR_DEFINITIONS = (
					"DEBUG=1",
					"$(inherited)",
				);
				INFOPLIST_FILE = "Hello WorldTests/Info.plist";
				LD_RUNPATH_SEARCH_PATHS = "$(inherited) @executable_path/Frameworks @loader_path/Frameworks";
				PRODUCT_NAME = "$(TARGET_NAME)";
				TEST_HOST = "$(BUILT_PRODUCTS_DIR)/Hello World.app/Hello World";
			};
			name = Debug;
		};
		AAE310B81B0490DC004BAA18 /* Release */ = {
			isa = XCBuildConfiguration;
			buildSettings = {
				BUNDLE_LOADER = "$(TEST_HOST)";
				FRAMEWORK_SEARCH_PATHS = (
					"$(SDKROOT)/Developer/Library/Frameworks",
					"$(inherited)",
				);
				INFOPLIST_FILE = "Hello WorldTests/Info.plist";
				LD_RUNPATH_SEARCH_PATHS = "$(inherited) @executable_path/Frameworks @loader_path/Frameworks";
				PRODUCT_NAME = "$(TARGET_NAME)";
				TEST_HOST = "$(BUILT_PRODUCTS_DIR)/Hello World.app/Hello World";
			};
			name = Release;
		};
/* End XCBuildConfiguration section */

/* Begin XCConfigurationList section */
		AAE3108B1B0490DC004BAA18 /* Build configuration list for PBXProject "Hello World" */ = {
			isa = XCConfigurationList;
			buildConfigurations = (
				AAE310B11B0490DC004BAA18 /* Debug */,
				AAE310B21B0490DC004BAA18 /* Release */,
			);
			defaultConfigurationIsVisible = 0;
			defaultConfigurationName = Release;
		};
		AAE310B31B0490DC004BAA18 /* Build configuration list for PBXNativeTarget "Hello World" */ = {
			isa = XCConfigurationList;
			buildConfigurations = (
				AAE310B41B0490DC004BAA18 /* Debug */,
				AAE310B51B0490DC004BAA18 /* Release */,
			);
			defaultConfigurationIsVisible = 0;
		};
		AAE310B61B0490DC004BAA18 /* Build configuration list for PBXNativeTarget "Hello WorldTests" */ = {
			isa = XCConfigurationList;
			buildConfigurations = (
				AAE310B71B0490DC004BAA18 /* Debug */,
				AAE310B81B0490DC004BAA18 /* Release */,
			);
			defaultConfigurationIsVisible = 0;
		};
/* End XCConfigurationList section */
	};
	rootObject = AAE310881B0490DC004BAA18 /* Project object */;
}
